// !$*UTF8*$!
{
	archiveVersion = 1;
	classes = {
	};
	objectVersion = 48;
	objects = {

/* Begin PBXFileReference section */
		850B344220C2595300BBA781 /* start.sh */ = {isa = PBXFileReference; lastKnownFileType = text.script.sh; path = start.sh; sourceTree = "<group>"; };
		850B344320C2598900BBA781 /* stop.sh */ = {isa = PBXFileReference; lastKnownFileType = text.script.sh; path = stop.sh; sourceTree = "<group>"; };
		850B344420C25FD500BBA781 /* start-ssl.sh */ = {isa = PBXFileReference; lastKnownFileType = text.script.sh; path = "start-ssl.sh"; sourceTree = "<group>"; };
		850B344520C25FD500BBA781 /* stop-ssl.sh */ = {isa = PBXFileReference; lastKnownFileType = text.script.sh; path = "stop-ssl.sh"; sourceTree = "<group>"; };
		8577A080205FDF0C006F14A9 /* setup-env.sh */ = {isa = PBXFileReference; lastKnownFileType = text.script.sh; path = "setup-env.sh"; sourceTree = "<group>"; };
		8577A0812060D533006F14A9 /* php.ini */ = {isa = PBXFileReference; lastKnownFileType = text; path = php.ini; sourceTree = "<group>"; };
		85B920962036D2FB00C56A72 /* README.md */ = {isa = PBXFileReference; lastKnownFileType = net.daringfireball.markdown; path = README.md; sourceTree = "<group>"; };
		85B920972036D2FC00C56A72 /* Dockerfile */ = {isa = PBXFileReference; lastKnownFileType = text; path = Dockerfile; sourceTree = "<group>"; };
		85B920982036D4DA00C56A72 /* apache_base_ssl_off.conf */ = {isa = PBXFileReference; lastKnownFileType = text; path = apache_base_ssl_off.conf; sourceTree = "<group>"; };
		85B920992036DEF000C56A72 /* apache_base_ssl_on.conf */ = {isa = PBXFileReference; lastKnownFileType = text; path = apache_base_ssl_on.conf; sourceTree = "<group>"; };
		85B920A5203A9FC300C56A72 /* docker-compose_off.yml */ = {isa = PBXFileReference; lastKnownFileType = text; path = "docker-compose_off.yml"; sourceTree = "<group>"; };
		85B920A6203AA4B600C56A72 /* docker-compose_on.yml */ = {isa = PBXFileReference; lastKnownFileType = text; path = "docker-compose_on.yml"; sourceTree = "<group>"; };
/* End PBXFileReference section */

/* Begin PBXGroup section */
		85B9208F2036D2EA00C56A72 = {
			isa = PBXGroup;
			children = (
				8577A0812060D533006F14A9 /* php.ini */,
				8577A080205FDF0C006F14A9 /* setup-env.sh */,
				850B344220C2595300BBA781 /* start.sh */,
				850B344320C2598900BBA781 /* stop.sh */,
				850B344420C25FD500BBA781 /* start-ssl.sh */,
				850B344520C25FD500BBA781 /* stop-ssl.sh */,
				85B920962036D2FB00C56A72 /* README.md */,
				85B920972036D2FC00C56A72 /* Dockerfile */,
				85B920A5203A9FC300C56A72 /* docker-compose_off.yml */,
				85B920A6203AA4B600C56A72 /* docker-compose_on.yml */,
				85B920982036D4DA00C56A72 /* apache_base_ssl_off.conf */,
				85B920992036DEF000C56A72 /* apache_base_ssl_on.conf */,
			);
			sourceTree = "<group>";
		};
/* End PBXGroup section */

/* Begin PBXProject section */
		85B920902036D2EA00C56A72 /* Project object */ = {
			isa = PBXProject;
			attributes = {
				LastUpgradeCheck = 0920;
			};
			buildConfigurationList = 85B920932036D2EA00C56A72 /* Build configuration list for PBXProject "Symfony" */;
			compatibilityVersion = "Xcode 8.0";
			developmentRegion = en;
			hasScannedForEncodings = 0;
			knownRegions = (
				en,
			);
			mainGroup = 85B9208F2036D2EA00C56A72;
			projectDirPath = "";
			projectRoot = "";
			targets = (
			);
		};
/* End PBXProject section */

/* Begin XCBuildConfiguration section */
		85B920942036D2EA00C56A72 /* Debug */ = {
			isa = XCBuildConfiguration;
			buildSettings = {
			};
			name = Debug;
		};
		85B920952036D2EA00C56A72 /* Release */ = {
			isa = XCBuildConfiguration;
			buildSettings = {
			};
			name = Release;
		};
/* End XCBuildConfiguration section */

/* Begin XCConfigurationList section */
		85B920932036D2EA00C56A72 /* Build configuration list for PBXProject "Symfony" */ = {
			isa = XCConfigurationList;
			buildConfigurations = (
				85B920942036D2EA00C56A72 /* Debug */,
				85B920952036D2EA00C56A72 /* Release */,
			);
			defaultConfigurationIsVisible = 0;
			defaultConfigurationName = Release;
		};
/* End XCConfigurationList section */
	};
	rootObject = 85B920902036D2EA00C56A72 /* Project object */;
}
